
Microsoft Visual Studio Solution File, Format Version 12.00
Project("{FAE04EC0-301F-11D3-BF4B-00C04F79EFBC}") = "ClassLibrary1", "ClassLibrary1\ClassLibrary1.csproj", "{ACDA9260-E18C-467B-AF13-20EECE8965B8}"
EndProject
Global
	GlobalSection(SolutionConfigurationPlatforms) = preSolution
		Debug|Any CPU = Debug|Any CPU
		Release|Any CPU = Release|Any CPU
	EndGlobalSection
	GlobalSection(ProjectConfigurationPlatforms) = postSolution
		{ACDA9260-E18C-467B-AF13-20EECE8965B8}.Debug|Any CPU.ActiveCfg = Debug|Any CPU
		{ACDA9260-E18C-467B-AF13-20EECE8965B8}.Debug|Any CPU.Build.0 = Debug|Any CPU
		{ACDA9260-E18C-467B-AF13-20EECE8965B8}.Release|Any CPU.ActiveCfg = Release|Any CPU
		{ACDA9260-E18C-467B-AF13-20EECE8965B8}.Release|Any CPU.Build.0 = Release|Any CPU
	EndGlobalSection
EndGlobal
